
Microsoft Visual Studio Solution File, Format Version 12.00
# Visual Studio Version 16
VisualStudioVersion = 25.0.1704.2
MinimumVisualStudioVersion = 10.0.40219.1
Project("{FAE04EC0-301F-11D3-BF4B-00C04F79EFBC}") = "ShoppingCart", "ShoppingCart.csproj", "{14856906-C468-43A2-A83D-DE4B58CD2219}"
EndProject
Global
	GlobalSection(SolutionConfigurationPlatforms) = preSolution
		Debug|Any CPU = Debug|Any CPU
		Release|Any CPU = Release|Any CPU
	EndGlobalSection
	GlobalSection(ProjectConfigurationPlatforms) = postSolution
		{14856906-C468-43A2-A83D-DE4B58CD2219}.Debug|Any CPU.ActiveCfg = Debug|Any CPU
		{14856906-C468-43A2-A83D-DE4B58CD2219}.Debug|Any CPU.Build.0 = Debug|Any CPU
		{14856906-C468-43A2-A83D-DE4B58CD2219}.Release|Any CPU.ActiveCfg = Release|Any CPU
		{14856906-C468-43A2-A83D-DE4B58CD2219}.Release|Any CPU.Build.0 = Release|Any CPU
	EndGlobalSection
	GlobalSection(SolutionProperties) = preSolution
		HideSolutionNode = FALSE
	EndGlobalSection
	GlobalSection(ExtensibilityGlobals) = postSolution
		SolutionGuid = {1884A2F2-2893-4E20-9869-F27E41485213}
	EndGlobalSection
EndGlobal
